
Microsoft Visual Studio Solution File, Format Version 11.00
# Visual Studio 2010
Project("{FAE04EC0-301F-11D3-BF4B-00C04F79EFBC}") = "VLCkonductor", "VLCkonductor\VLCkonductor.csproj", "{63588254-4F76-40A4-9A17-70D03D0D58DC}"
EndProject
Project("{54435603-DBB4-11D2-8724-00A0C9A8B90C}") = "VLCkonductor1.0", "VLCkonductor1.0\VLCkonductor1.0.vdproj", "{497A0EA6-101B-499A-8149-0EE107750481}"
EndProject
Global
	GlobalSection(SolutionConfigurationPlatforms) = preSolution
		Debug|x86 = Debug|x86
		Release|x86 = Release|x86
	EndGlobalSection
	GlobalSection(ProjectConfigurationPlatforms) = postSolution
		{63588254-4F76-40A4-9A17-70D03D0D58DC}.Debug|x86.ActiveCfg = Debug|x86
		{63588254-4F76-40A4-9A17-70D03D0D58DC}.Debug|x86.Build.0 = Debug|x86
		{63588254-4F76-40A4-9A17-70D03D0D58DC}.Release|x86.ActiveCfg = Release|x86
		{63588254-4F76-40A4-9A17-70D03D0D58DC}.Release|x86.Build.0 = Release|x86
		{497A0EA6-101B-499A-8149-0EE107750481}.Debug|x86.ActiveCfg = Debug
		{497A0EA6-101B-499A-8149-0EE107750481}.Release|x86.ActiveCfg = Release
	EndGlobalSection
	GlobalSection(SolutionProperties) = preSolution
		HideSolutionNode = FALSE
	EndGlobalSection
EndGlobal
